
Microsoft Visual Studio Solution File, Format Version 12.00
# Visual Studio Version 17
VisualStudioVersion = 17.11.35222.181
MinimumVisualStudioVersion = 10.0.40219.1
Project("{8BC9CEB8-8B4A-11D0-8D11-00A0C91BC942}") = "CH13.4", "CH13.4\CH13.4.vcxproj", "{A9770B38-81FE-4ED1-8B42-38009EF572CD}"
EndProject
Global
	GlobalSection(SolutionConfigurationPlatforms) = preSolution
		Debug|x64 = Debug|x64
		Debug|x86 = Debug|x86
		Release|x64 = Release|x64
		Release|x86 = Release|x86
	EndGlobalSection
	GlobalSection(ProjectConfigurationPlatforms) = postSolution
		{A9770B38-81FE-4ED1-8B42-38009EF572CD}.Debug|x64.ActiveCfg = Debug|x64
		{A9770B38-81FE-4ED1-8B42-38009EF572CD}.Debug|x64.Build.0 = Debug|x64
		{A9770B38-81FE-4ED1-8B42-38009EF572CD}.Debug|x86.ActiveCfg = Debug|Win32
		{A9770B38-81FE-4ED1-8B42-38009EF572CD}.Debug|x86.Build.0 = Debug|Win32
		{A9770B38-81FE-4ED1-8B42-38009EF572CD}.Release|x64.ActiveCfg = Release|x64
		{A9770B38-81FE-4ED1-8B42-38009EF572CD}.Release|x64.Build.0 = Release|x64
		{A9770B38-81FE-4ED1-8B42-38009EF572CD}.Release|x86.ActiveCfg = Release|Win32
		{A9770B38-81FE-4ED1-8B42-38009EF572CD}.Release|x86.Build.0 = Release|Win32
	EndGlobalSection
	GlobalSection(SolutionProperties) = preSolution
		HideSolutionNode = FALSE
	EndGlobalSection
	GlobalSection(ExtensibilityGlobals) = postSolution
		SolutionGuid = {87064577-8A86-417F-AD3D-4450CAAB444E}
	EndGlobalSection
EndGlobal
