
Microsoft Visual Studio Solution File, Format Version 12.00
# Visual Studio Version 17
VisualStudioVersion = 17.11.35222.181
MinimumVisualStudioVersion = 10.0.40219.1
Project("{8BC9CEB8-8B4A-11D0-8D11-00A0C91BC942}") = "Ch2.1", "Ch2.1\Ch2.1.vcxproj", "{C29C433A-1A9A-4266-9516-DA533806DF04}"
EndProject
Global
	GlobalSection(SolutionConfigurationPlatforms) = preSolution
		Debug|x64 = Debug|x64
		Debug|x86 = Debug|x86
		Release|x64 = Release|x64
		Release|x86 = Release|x86
	EndGlobalSection
	GlobalSection(ProjectConfigurationPlatforms) = postSolution
		{C29C433A-1A9A-4266-9516-DA533806DF04}.Debug|x64.ActiveCfg = Debug|x64
		{C29C433A-1A9A-4266-9516-DA533806DF04}.Debug|x64.Build.0 = Debug|x64
		{C29C433A-1A9A-4266-9516-DA533806DF04}.Debug|x86.ActiveCfg = Debug|Win32
		{C29C433A-1A9A-4266-9516-DA533806DF04}.Debug|x86.Build.0 = Debug|Win32
		{C29C433A-1A9A-4266-9516-DA533806DF04}.Release|x64.ActiveCfg = Release|x64
		{C29C433A-1A9A-4266-9516-DA533806DF04}.Release|x64.Build.0 = Release|x64
		{C29C433A-1A9A-4266-9516-DA533806DF04}.Release|x86.ActiveCfg = Release|Win32
		{C29C433A-1A9A-4266-9516-DA533806DF04}.Release|x86.Build.0 = Release|Win32
	EndGlobalSection
	GlobalSection(SolutionProperties) = preSolution
		HideSolutionNode = FALSE
	EndGlobalSection
	GlobalSection(ExtensibilityGlobals) = postSolution
		SolutionGuid = {40E445FA-9BA0-406D-8E0D-224076F8E0D3}
	EndGlobalSection
EndGlobal
