
Microsoft Visual Studio Solution File, Format Version 12.00
# Visual Studio Version 17
VisualStudioVersion = 17.11.35222.181
MinimumVisualStudioVersion = 10.0.40219.1
Project("{8BC9CEB8-8B4A-11D0-8D11-00A0C91BC942}") = "Ch2.8", "Ch2.8\Ch2.8.vcxproj", "{E925A652-1EB1-4853-B665-000CF588CBFD}"
EndProject
Global
	GlobalSection(SolutionConfigurationPlatforms) = preSolution
		Debug|x64 = Debug|x64
		Debug|x86 = Debug|x86
		Release|x64 = Release|x64
		Release|x86 = Release|x86
	EndGlobalSection
	GlobalSection(ProjectConfigurationPlatforms) = postSolution
		{E925A652-1EB1-4853-B665-000CF588CBFD}.Debug|x64.ActiveCfg = Debug|x64
		{E925A652-1EB1-4853-B665-000CF588CBFD}.Debug|x64.Build.0 = Debug|x64
		{E925A652-1EB1-4853-B665-000CF588CBFD}.Debug|x86.ActiveCfg = Debug|Win32
		{E925A652-1EB1-4853-B665-000CF588CBFD}.Debug|x86.Build.0 = Debug|Win32
		{E925A652-1EB1-4853-B665-000CF588CBFD}.Release|x64.ActiveCfg = Release|x64
		{E925A652-1EB1-4853-B665-000CF588CBFD}.Release|x64.Build.0 = Release|x64
		{E925A652-1EB1-4853-B665-000CF588CBFD}.Release|x86.ActiveCfg = Release|Win32
		{E925A652-1EB1-4853-B665-000CF588CBFD}.Release|x86.Build.0 = Release|Win32
	EndGlobalSection
	GlobalSection(SolutionProperties) = preSolution
		HideSolutionNode = FALSE
	EndGlobalSection
	GlobalSection(ExtensibilityGlobals) = postSolution
		SolutionGuid = {E3610B27-3D2E-48DC-B50B-372DBF694F6D}
	EndGlobalSection
EndGlobal
