
Microsoft Visual Studio Solution File, Format Version 12.00
# Visual Studio Version 17
VisualStudioVersion = 17.4.33213.308
MinimumVisualStudioVersion = 10.0.40219.1
Project("{8BC9CEB8-8B4A-11D0-8D11-00A0C91BC942}") = "Test 2411 ch2", "Test 2411 ch2\Test 2411 ch2.vcxproj", "{9F1313FE-1AFB-429E-929E-0FCF45AF6927}"
EndProject
Global
	GlobalSection(SolutionConfigurationPlatforms) = preSolution
		Debug|x64 = Debug|x64
		Debug|x86 = Debug|x86
		Release|x64 = Release|x64
		Release|x86 = Release|x86
	EndGlobalSection
	GlobalSection(ProjectConfigurationPlatforms) = postSolution
		{9F1313FE-1AFB-429E-929E-0FCF45AF6927}.Debug|x64.ActiveCfg = Debug|x64
		{9F1313FE-1AFB-429E-929E-0FCF45AF6927}.Debug|x64.Build.0 = Debug|x64
		{9F1313FE-1AFB-429E-929E-0FCF45AF6927}.Debug|x86.ActiveCfg = Debug|Win32
		{9F1313FE-1AFB-429E-929E-0FCF45AF6927}.Debug|x86.Build.0 = Debug|Win32
		{9F1313FE-1AFB-429E-929E-0FCF45AF6927}.Release|x64.ActiveCfg = Release|x64
		{9F1313FE-1AFB-429E-929E-0FCF45AF6927}.Release|x64.Build.0 = Release|x64
		{9F1313FE-1AFB-429E-929E-0FCF45AF6927}.Release|x86.ActiveCfg = Release|Win32
		{9F1313FE-1AFB-429E-929E-0FCF45AF6927}.Release|x86.Build.0 = Release|Win32
	EndGlobalSection
	GlobalSection(SolutionProperties) = preSolution
		HideSolutionNode = FALSE
	EndGlobalSection
	GlobalSection(ExtensibilityGlobals) = postSolution
		SolutionGuid = {7E5CC8E6-93E5-4D69-B93F-B2C8D7FF9E0A}
	EndGlobalSection
EndGlobal
